{
    "_readme": [
        "This file locks the dependencies of your project to a known state",
        "Read more about it at http://getcomposer.org/doc/01-basic-usage.md#composer-lock-the-lock-file"
    ],
    "hash": "a38f5a541837febda86ae59c6b727ea4",
    "packages": [
        {
            "name": "composer/installers",
            "version": "dev-master",
            "source": {
                "type": "git",
                "url": "https://github.com/composer/installers.git",
                "reference": "v1.0.5"
            },
            "dist": {
                "type": "zip",
                "url": "https://api.github.com/repos/composer/installers/zipball/v1.0.5",
                "reference": "v1.0.5",
                "shasum": ""
            },
            "replace": {
                "shama/baton": "*"
            },
            "require-dev": {
                "composer/composer": "1.0.*@dev",
                "phpunit/phpunit": "3.7.*"
            },
            "type": "composer-installer",
            "extra": {
                "class": "Composer\\Installers\\Installer",
                "branch-alias": {
                    "dev-master": "1.0-dev"
                }
            },
            "autoload": {
                "psr-0": {
                    "Composer\\Installers\\": "src/"
                }
            },
            "notification-url": "https://packagist.org/downloads/",
            "license": [
                "MIT"
            ],
            "authors": [
                {
                    "name": "Kyle Robinson Young",
                    "email": "kyle@dontkry.com",
                    "homepage": "https://github.com/shama",
                    "role": "Developer"
                }
            ],
            "description": "A multi-framework Composer library installer",
            "homepage": "http://composer.github.com/installers/",
            "keywords": [
                "TYPO3 Flow",
                "TYPO3 Neos",
                "agl",
                "cakephp",
                "codeigniter",
                "drupal",
                "fuelphp",
                "installer",
                "joomla",
                "kohana",
                "laravel",
                "li3",
                "lithium",
                "mako",
                "modulework",
                "phpbb",
                "ppi",
                "silverstripe",
                "symfony",
                "wordpress",
                "zend"
            ],
            "time": "2013-08-07 17:25:08"
        },
        {
            "name": "cwp-themes/default",
            "version": "dev-master",
            "source": {
                "type": "git",
                "url": "https://gitlab.cwp.govt.nz/cwp-themes/default.git",
                "reference": "a3107381f43f8a4bda289c995119096cd037e211"
            },
            "require": {
                "composer/installers": "*",
                "cwp/cwp": "dev-master",
                "silverstripe-themes/module_bootstrap": "dev-ssexpress",
                "silverstripe/cms": ">=3.0",
                "silverstripe/framework": ">=3.0"
            },
            "type": "silverstripe-theme",
            "extra": {
                "branch-alias": {
                    "dev-master": "1.2.x-dev"
                }
            },
            "description": "CWP Default Theme",
            "time": "2013-08-12 22:43:15"
        },
        {
            "name": "cwp/cwp",
            "version": "dev-master",
            "source": {
                "type": "git",
                "url": "https://gitlab.cwp.govt.nz/cwp/cwp.git",
                "reference": "f9ccfa1b067585e3219a2e85ca075739de734de9"
            },
            "require": {
                "composer/installers": "*",
                "silverstripe/cms": ">=3.1.0-beta1,<4.0",
                "silverstripe/framework": ">=3.1.0-beta1,<4.0",
                "silverstripe/taxonomy": "*"
            },
            "type": "silverstripe-module",
            "extra": {
                "branch-alias": {
                    "dev-master": "1.2.x-dev"
                }
            },
            "description": "CWP Main Extension Module",
            "time": "2013-07-30 01:50:47"
        },
        {
            "name": "silverstripe-themes/module_bootstrap",
            "version": "dev-ssexpress",
            "source": {
                "type": "git",
                "url": "https://github.com/silverstripe-ux/sass-twitter-bootstrap.git",
                "reference": "f388047d791b90f3729c5c0cfba4ede5749937d6"
            },
            "dist": {
                "type": "zip",
                "url": "https://api.github.com/repos/silverstripe-ux/sass-twitter-bootstrap/zipball/f388047d791b90f3729c5c0cfba4ede5749937d6",
                "reference": "f388047d791b90f3729c5c0cfba4ede5749937d6",
                "shasum": ""
            },
            "require": {
                "composer/installers": "*",
                "silverstripe/framework": ">=3.0"
            },
            "type": "silverstripe-theme",
            "extra": {
                "branch-alias": {
                    "dev-ssexpress": "0.1-dev"
                }
            },
            "notification-url": "https://packagist.org/downloads/",
            "description": "CSS toolkit by Twitter.",
            "time": "2013-05-23 03:54:45"
        },
        {
            "name": "silverstripe/advancedworkflow",
            "version": "dev-master",
            "source": {
                "type": "git",
                "url": "https://github.com/silverstripe-australia/advancedworkflow.git",
                "reference": "a6d765486c6561d73f1021ed107d8287d7475e22"
            },
            "dist": {
                "type": "zip",
                "url": "https://api.github.com/repos/silverstripe-australia/advancedworkflow/zipball/a6d765486c6561d73f1021ed107d8287d7475e22",
                "reference": "a6d765486c6561d73f1021ed107d8287d7475e22",
                "shasum": ""
            },
            "require": {
                "silverstripe/cms": ">=3.0.0"
            },
            "type": "silverstripe-module",
            "notification-url": "https://packagist.org/downloads/",
            "license": [
                "BSD-3-Clause"
            ],
            "authors": [
                {
                    "name": "Marcus Nyeholt",
                    "email": "marcus@silverstirpe.com.au"
                },
                {
                    "name": "Andrew Short",
                    "email": "andrewjshort@gmail.com"
                }
            ],
            "description": "Adds configurable workflow support to the CMS, with a GUI for creating custom workflow definitions.",
            "keywords": [
                "advancedworkflow",
                "silverstripe",
                "workflow"
            ],
            "time": "2013-07-29 05:34:26"
        },
        {
            "name": "silverstripe/cms",
            "version": "3.1.0-rc1",
            "source": {
                "type": "git",
                "url": "https://github.com/silverstripe/silverstripe-cms.git",
                "reference": "3.1.0-rc1"
            },
            "dist": {
                "type": "zip",
                "url": "https://api.github.com/repos/silverstripe/silverstripe-cms/zipball/3.1.0-rc1",
                "reference": "3.1.0-rc1",
                "shasum": ""
            },
            "require": {
                "composer/installers": "*",
                "php": ">=5.3.2",
                "silverstripe/framework": "3.1.*"
            },
            "type": "silverstripe-module",
            "autoload": {
                "classmap": [
                    "tests/behat/"
                ]
            },
            "notification-url": "https://packagist.org/downloads/",
            "license": [
                "BSD-3-Clause"
            ],
            "authors": [
                {
                    "name": "SilverStripe",
                    "homepage": "http://silverstripe.com"
                },
                {
                    "name": "The SilverStripe Community",
                    "homepage": "http://silverstripe.org"
                }
            ],
            "description": "The SilverStripe Content Management System",
            "homepage": "http://silverstripe.org",
            "keywords": [
                "cms",
                "silverstripe"
            ],
            "time": "2013-08-09 02:14:35"
        },
        {
            "name": "silverstripe/documentconverter",
            "version": "dev-master",
            "source": {
                "type": "git",
                "url": "https://gitlab.cwp.govt.nz/silverstripe/documentconverter.git",
                "reference": "24a72d33c94dda06d66bda0be6cc95b1e7117191"
            },
            "require": {
                "silverstripe/cms": "~3.1",
                "silverstripe/framework": "~3.1"
            },
            "type": "silverstripe-module",
            "description": "Imports OpenOffice-compatible files (doc, docx, etc) into SilverStripe pages and content.",
            "time": "2013-08-13 00:08:26"
        },
        {
            "name": "silverstripe/framework",
            "version": "3.1.0-rc1",
            "source": {
                "type": "git",
                "url": "https://github.com/silverstripe/silverstripe-framework.git",
                "reference": "3.1.0-rc1"
            },
            "dist": {
                "type": "zip",
                "url": "https://api.github.com/repos/silverstripe/silverstripe-framework/zipball/3.1.0-rc1",
                "reference": "3.1.0-rc1",
                "shasum": ""
            },
            "require": {
                "composer/installers": "*",
                "php": ">=5.3.2"
            },
            "type": "silverstripe-module",
            "autoload": {
                "classmap": [
                    "tests/behat/features/bootstrap"
                ]
            },
            "notification-url": "https://packagist.org/downloads/",
            "license": [
                "BSD-3-Clause"
            ],
            "authors": [
                {
                    "name": "SilverStripe",
                    "homepage": "http://silverstripe.com"
                },
                {
                    "name": "The SilverStripe Community",
                    "homepage": "http://silverstripe.org"
                }
            ],
            "description": "The SilverStripe framework",
            "homepage": "http://silverstripe.org",
            "keywords": [
                "framework",
                "silverstripe"
            ],
            "time": "2013-08-09 02:25:58"
        },
        {
            "name": "silverstripe/fulltextsearch",
            "version": "dev-master",
            "source": {
                "type": "git",
                "url": "https://github.com/silverstripe-labs/silverstripe-fulltextsearch.git",
                "reference": "dbd68dc300ff0cba78c845a01906aa55f08cef5f"
            },
            "dist": {
                "type": "zip",
                "url": "https://api.github.com/repos/silverstripe-labs/silverstripe-fulltextsearch/zipball/dbd68dc300ff0cba78c845a01906aa55f08cef5f",
                "reference": "dbd68dc300ff0cba78c845a01906aa55f08cef5f",
                "shasum": ""
            },
            "require": {
                "silverstripe/framework": ">=3.1.0-beta1,<4.0"
            },
            "require-dev": {
                "hafriedlander/silverstripe-phockito": "*"
            },
            "type": "silverstripe-module",
            "notification-url": "https://packagist.org/downloads/",
            "authors": [
                {
                    "name": "Hamish Friedlander",
                    "email": "hamish@silverstripe.com",
                    "role": "Developer"
                }
            ],
            "description": "Adds support for Fulltext Search engines like Sphinx and Solr to SilverStripe CMS",
            "keywords": [
                "fulltext",
                "silverstripe",
                "solr",
                "sphinx"
            ],
            "time": "2013-07-25 02:28:10"
        },
        {
            "name": "silverstripe/html5",
            "version": "dev-master",
            "source": {
                "type": "git",
                "url": "https://github.com/silverstripe/silverstripe-html5.git",
                "reference": "54fc0b86efbfc571293c75862991923c78a7f1f8"
            },
            "dist": {
                "type": "zip",
                "url": "https://api.github.com/repos/silverstripe/silverstripe-html5/zipball/54fc0b86efbfc571293c75862991923c78a7f1f8",
                "reference": "54fc0b86efbfc571293c75862991923c78a7f1f8",
                "shasum": ""
            },
            "require": {
                "silverstripe/framework": "3.*"
            },
            "type": "silverstripe-module",
            "notification-url": "https://packagist.org/downloads/",
            "license": [
                "BSD-3-Clause"
            ],
            "description": "HTML5 support for SilverStripe",
            "keywords": [
                "HTML5",
                "silverstripe"
            ],
            "time": "2013-03-19 21:01:47"
        },
        {
            "name": "silverstripe/iframe",
            "version": "dev-master",
            "source": {
                "type": "git",
                "url": "https://github.com/silverstripe-labs/silverstripe-iframe.git",
                "reference": "8df573c99a15f87058788f0eff135d727075bb30"
            },
            "dist": {
                "type": "zip",
                "url": "https://api.github.com/repos/silverstripe-labs/silverstripe-iframe/zipball/8df573c99a15f87058788f0eff135d727075bb30",
                "reference": "8df573c99a15f87058788f0eff135d727075bb30",
                "shasum": ""
            },
            "require": {
                "silverstripe/cms": "3.*",
                "silverstripe/framework": "3.*"
            },
            "type": "silverstripe-module",
            "notification-url": "https://packagist.org/downloads/",
            "license": [
                "BSD-3-Clause"
            ],
            "authors": [
                {
                    "name": "Mateusz Uzdowski",
                    "email": "mateusz@silverstripe.com"
                }
            ],
            "description": "Add an iFrame pagetype to SilverStripe, to show content from another website",
            "keywords": [
                "silverstripe"
            ],
            "time": "2013-07-08 05:31:36"
        },
        {
            "name": "silverstripe/multivaluefield",
            "version": "dev-master",
            "source": {
                "type": "git",
                "url": "https://github.com/nyeholt/silverstripe-multivaluefield.git",
                "reference": "367fa4c367916523c65b1b8e6933bdac545f66e4"
            },
            "dist": {
                "type": "zip",
                "url": "https://api.github.com/repos/nyeholt/silverstripe-multivaluefield/zipball/367fa4c367916523c65b1b8e6933bdac545f66e4",
                "reference": "367fa4c367916523c65b1b8e6933bdac545f66e4",
                "shasum": ""
            },
            "require": {
                "silverstripe/framework": ">=3.0.0"
            },
            "type": "silverstripe-module",
            "notification-url": "https://packagist.org/downloads/",
            "license": [
                "BSD-3-Clause"
            ],
            "authors": [
                {
                    "name": "Marcus Nyeholt",
                    "email": "marcus@silverstripe.com.au"
                }
            ],
            "description": "A DB field + form fields for storing multiple values in a single property (serialized).",
            "keywords": [
                "dbfield",
                "formfield",
                "silverstripe"
            ],
            "time": "2013-08-10 00:48:41"
        },
        {
            "name": "silverstripe/queuedjobs",
            "version": "dev-master",
            "source": {
                "type": "git",
                "url": "https://gitlab.cwp.govt.nz/silverstripe/queuedjobs.git",
                "reference": "064d4ea8e2cd637ccf31b92fb1c08b347b441157"
            },
            "require": {
                "silverstripe/cms": ">=3.0.0",
                "silverstripe/multivaluefield": "dev-master"
            },
            "type": "silverstripe-module",
            "license": [
                "BSD-3-Clause"
            ],
            "authors": [
                {
                    "name": "Marcus Nyeholt",
                    "email": "marcus@silverstirpe.com.au"
                }
            ],
            "description": "A framework for defining and running background jobs in a queued manner",
            "keywords": [
                "jobs",
                "silverstripe"
            ],
            "time": "2013-07-25 02:30:40"
        },
        {
            "name": "silverstripe/registry",
            "version": "dev-master",
            "source": {
                "type": "git",
                "url": "https://github.com/silverstripe-labs/silverstripe-registry.git",
                "reference": "9e4adc3fc169d86d46b2a8bbcd9b82ff62c53439"
            },
            "dist": {
                "type": "zip",
                "url": "https://api.github.com/repos/silverstripe-labs/silverstripe-registry/zipball/9e4adc3fc169d86d46b2a8bbcd9b82ff62c53439",
                "reference": "9e4adc3fc169d86d46b2a8bbcd9b82ff62c53439",
                "shasum": ""
            },
            "require": {
                "silverstripe/cms": "3.*",
                "silverstripe/framework": "3.*"
            },
            "type": "silverstripe-module",
            "notification-url": "https://packagist.org/downloads/",
            "license": [
                "BSD-3-Clause"
            ],
            "authors": [
                {
                    "name": "Sean Harvey",
                    "email": "sean@silverstripe.com",
                    "homepage": "http://www.silverstripe.com",
                    "role": "Developer"
                }
            ],
            "description": "Provide search and export interfaces for datasets.",
            "keywords": [
                "silverstripe"
            ],
            "time": "2013-04-29 00:27:12"
        },
        {
            "name": "silverstripe/restfulserver",
            "version": "dev-master",
            "source": {
                "type": "git",
                "url": "https://github.com/silverstripe/silverstripe-restfulserver.git",
                "reference": "db4a70673b593c643323ed0411afb90eafa71bc6"
            },
            "dist": {
                "type": "zip",
                "url": "https://api.github.com/repos/silverstripe/silverstripe-restfulserver/zipball/db4a70673b593c643323ed0411afb90eafa71bc6",
                "reference": "db4a70673b593c643323ed0411afb90eafa71bc6",
                "shasum": ""
            },
            "require": {
                "silverstripe/framework": "3.*"
            },
            "type": "silverstripe-module",
            "notification-url": "https://packagist.org/downloads/",
            "authors": [
                {
                    "name": "Hamish Friedlander",
                    "email": "hamish@silverstripe.com",
                    "role": "Developer"
                },
                {
                    "name": "Sam Minnee",
                    "email": "sam@silverstripe.com"
                }
            ],
            "description": "Add a RESTful API to your SilverStripe application",
            "keywords": [
                "api",
                "rest",
                "silverstripe"
            ],
            "time": "2013-07-14 08:12:35"
        },
        {
            "name": "silverstripe/subsites",
            "version": "dev-master",
            "source": {
                "type": "git",
                "url": "https://github.com/silverstripe/silverstripe-subsites.git",
                "reference": "2d41dc62bfd7260a3ed08d60a698228908d3116e"
            },
            "dist": {
                "type": "zip",
                "url": "https://api.github.com/repos/silverstripe/silverstripe-subsites/zipball/2d41dc62bfd7260a3ed08d60a698228908d3116e",
                "reference": "2d41dc62bfd7260a3ed08d60a698228908d3116e",
                "shasum": ""
            },
            "require": {
                "silverstripe/cms": "~3.1",
                "silverstripe/framework": "~3.1"
            },
            "type": "silverstripe-module",
            "notification-url": "https://packagist.org/downloads/",
            "authors": [
                {
                    "name": "Sam Minnee",
                    "email": "sam@silverstripe.com"
                }
            ],
            "description": "Run multiple sites from a single SilverStripe install.",
            "keywords": [
                "multisite",
                "silverstripe",
                "subsites"
            ],
            "time": "2013-08-13 00:05:30"
        },
        {
            "name": "silverstripe/taxonomy",
            "version": "dev-master",
            "source": {
                "type": "git",
                "url": "https://github.com/silverstripe-labs/silverstripe-taxonomy.git",
                "reference": "8758791f73756be729533ab32997acc1ca072dae"
            },
            "dist": {
                "type": "zip",
                "url": "https://api.github.com/repos/silverstripe-labs/silverstripe-taxonomy/zipball/8758791f73756be729533ab32997acc1ca072dae",
                "reference": "8758791f73756be729533ab32997acc1ca072dae",
                "shasum": ""
            },
            "require": {
                "silverstripe/cms": "~3.1",
                "silverstripe/framework": "~3.1"
            },
            "type": "silverstripe-module",
            "notification-url": "https://packagist.org/downloads/",
            "license": [
                "BSD-3-Clause"
            ],
            "authors": [
                {
                    "name": "Robert Curry",
                    "email": "robert@silverstripe.com"
                }
            ],
            "description": "Provide extra taxonomy for cataloguing the data.",
            "keywords": [
                "silverstripe"
            ],
            "time": "2013-08-13 00:09:41"
        },
        {
            "name": "silverstripe/translatable",
            "version": "dev-master",
            "source": {
                "type": "git",
                "url": "https://github.com/silverstripe/silverstripe-translatable.git",
                "reference": "fe6696a8f32fb11db27aeb3ffbfa9517aaa18143"
            },
            "dist": {
                "type": "zip",
                "url": "https://api.github.com/repos/silverstripe/silverstripe-translatable/zipball/fe6696a8f32fb11db27aeb3ffbfa9517aaa18143",
                "reference": "fe6696a8f32fb11db27aeb3ffbfa9517aaa18143",
                "shasum": ""
            },
            "require": {
                "php": ">=5.3.2",
                "silverstripe/cms": "~3.1",
                "silverstripe/framework": "~3.1"
            },
            "require-dev": {
                "silverstripe/mssql": "*",
                "silverstripe/postgresql": "*",
                "silverstripe/sqlite3": "*"
            },
            "type": "silverstripe-module",
            "extra": {
                "snapshot": "http://www.silverstripe.org/assets/Uploads/translatable4-small.png"
            },
            "notification-url": "https://packagist.org/downloads/",
            "license": [
                "BSD-3-Clause"
            ],
            "authors": [
                {
                    "name": "Ingo Schommer",
                    "email": "ingo@silverstripe.com",
                    "homepage": "http://chillu.com",
                    "role": "tech-lead"
                }
            ],
            "description": "Allows translation of DataObject and SiteTree records into multiple languages ",
            "homepage": "https://github.com/silverstripe/silverstripe-translatable/",
            "keywords": [
                "cms",
                "globalization",
                "i18n",
                "localization",
                "silverstripe"
            ],
            "time": "2013-08-13 00:10:21"
        },
        {
            "name": "silverstripe/userforms",
            "version": "dev-master",
            "source": {
                "type": "git",
                "url": "https://github.com/silverstripe/silverstripe-userforms.git",
                "reference": "e03271eed40f0c9369d87e9b60c700e249a39cb5"
            },
            "dist": {
                "type": "zip",
                "url": "https://api.github.com/repos/silverstripe/silverstripe-userforms/zipball/e03271eed40f0c9369d87e9b60c700e249a39cb5",
                "reference": "e03271eed40f0c9369d87e9b60c700e249a39cb5",
                "shasum": ""
            },
            "require": {
                "silverstripe/cms": "~3.1",
                "silverstripe/framework": "~3.1"
            },
            "type": "silverstripe-module",
            "notification-url": "https://packagist.org/downloads/",
            "license": [
                "BSD-3-Clause"
            ],
            "authors": [
                {
                    "name": "Will Rossiter",
                    "email": "will@fullscreen.io",
                    "homepage": "http://wilr.github.com"
                }
            ],
            "description": "UserForms enables CMS users to create dynamic forms via a drag and drop interface and without getting involved in any PHP code",
            "keywords": [
                "silverstripe",
                "userforms"
            ],
            "time": "2013-08-12 07:50:10"
        },
        {
            "name": "silverstripe/versionedfiles",
            "version": "dev-master",
            "source": {
                "type": "git",
                "url": "https://gitlab.cwp.govt.nz/silverstripe/silverstripe-versionedfiles.git",
                "reference": "dccd557494c479a20d179941cbaecb22ab9abe0a"
            },
            "require": {
                "silverstripe/framework": "~3.1"
            },
            "type": "silverstripe-module",
            "license": [
                "BSD-3-Clause"
            ],
            "authors": [
                {
                    "name": "Andrew Short",
                    "email": "andrewjshort@gmail.com"
                }
            ],
            "description": "Add versioning to files",
            "keywords": [
                "silverstripe"
            ],
            "time": "2013-05-30 23:54:42"
        },
        {
            "name": "silverstripe/versionfeed",
            "version": "dev-master",
            "source": {
                "type": "git",
                "url": "https://github.com/silverstripe-labs/silverstripe-versionfeed.git",
                "reference": "35e44e92ebaf120e80a1e9fa33fd59375ed35c49"
            },
            "dist": {
                "type": "zip",
                "url": "https://api.github.com/repos/silverstripe-labs/silverstripe-versionfeed/zipball/35e44e92ebaf120e80a1e9fa33fd59375ed35c49",
                "reference": "35e44e92ebaf120e80a1e9fa33fd59375ed35c49",
                "shasum": ""
            },
            "require": {
                "silverstripe/cms": "3.*",
                "silverstripe/framework": "3.*"
            },
            "type": "silverstripe-module",
            "notification-url": "https://packagist.org/downloads/",
            "license": [
                "BSD-3-Clause"
            ],
            "authors": [
                {
                    "name": "Robert Curry",
                    "email": "robert@silverstripe.com"
                }
            ],
            "description": "Adds RSS feeds of content changes to SilverStripe",
            "keywords": [
                "feed",
                "rss",
                "silverstripe"
            ],
            "time": "2013-07-22 22:07:32"
        },
        {
            "name": "undefinedoffset/sortablegridfield",
            "version": "dev-master",
            "source": {
                "type": "git",
                "url": "https://github.com/UndefinedOffset/SortableGridField.git",
                "reference": "0.2.0"
            },
            "dist": {
                "type": "zip",
                "url": "https://api.github.com/repos/UndefinedOffset/SortableGridField/zipball/0.2.0",
                "reference": "0.2.0",
                "shasum": ""
            },
            "require": {
                "composer/installers": "*",
                "silverstripe/framework": "3.*"
            },
            "type": "silverstripe-module",
            "extra": {
                "installer-name": "sortablegridfield"
            },
            "notification-url": "https://packagist.org/downloads/",
            "authors": [
                {
                    "name": "Ed Chipman",
                    "homepage": "http://www.edchipman.ca",
                    "role": "Developer"
                }
            ],
            "description": "Adds drag and drop functionality to SilverStripe 3.0's GridField",
            "keywords": [
                "gridfield",
                "silverstripe"
            ],
            "time": "2013-08-04 15:23:28"
        }
    ],
    "packages-dev": null,
    "aliases": [

    ],
    "minimum-stability": "dev",
    "stability-flags": {
        "phpunit/phpunit": 0
    },
    "platform": {
        "php": ">=5.3.2"
    },
    "platform-dev": [

    ]
}
