{
    "_readme": [
        "This file locks the dependencies of your project to a known state",
        "Read more about it at http://getcomposer.org/doc/01-basic-usage.md#composer-lock-the-lock-file"
    ],
    "hash": "f8a6d6767d3cbd8f69c97eeed394bdcc",
    "packages": [
        {
            "name": "composer/installers",
            "version": "dev-master",
            "source": {
                "type": "git",
                "url": "https://github.com/composer/installers.git",
                "reference": "46085247845046fadfdbf1b3d8ac851fa90a48d5"
            },
            "dist": {
                "type": "zip",
                "url": "https://api.github.com/repos/composer/installers/zipball/46085247845046fadfdbf1b3d8ac851fa90a48d5",
                "reference": "46085247845046fadfdbf1b3d8ac851fa90a48d5",
                "shasum": ""
            },
            "replace": {
                "shama/baton": "*"
            },
            "require-dev": {
                "composer/composer": "1.0.*@dev",
                "phpunit/phpunit": "3.7.*"
            },
            "type": "composer-installer",
            "extra": {
                "class": "Composer\\Installers\\Installer",
                "branch-alias": {
                    "dev-master": "1.0-dev"
                }
            },
            "autoload": {
                "psr-0": {
                    "Composer\\Installers\\": "src/"
                }
            },
            "notification-url": "https://packagist.org/downloads/",
            "license": [
                "MIT"
            ],
            "authors": [
                {
                    "name": "Kyle Robinson Young",
                    "email": "kyle@dontkry.com",
                    "homepage": "https://github.com/shama",
                    "role": "Developer"
                }
            ],
            "description": "A multi-framework Composer library installer",
            "homepage": "http://composer.github.com/installers/",
            "keywords": [
                "TYPO3 CMS",
                "TYPO3 Flow",
                "TYPO3 Neos",
                "agl",
                "cakephp",
                "codeigniter",
                "drupal",
                "fuelphp",
                "installer",
                "joomla",
                "kohana",
                "laravel",
                "li3",
                "lithium",
                "mako",
                "modulework",
                "phpbb",
                "ppi",
                "silverstripe",
                "symfony",
                "wordpress",
                "zend"
            ],
            "time": "2013-10-11 03:22:56"
        },
        {
            "name": "cwp-themes/default",
            "version": "dev-master",
            "source": {
                "type": "git",
                "url": "https://gitlab.cwp.govt.nz/cwp-themes/default.git",
                "reference": "dea3863eaafb365ed74eeb14113d2bdbfb2ef6c5"
            },
            "require": {
                "composer/installers": "*",
                "cwp/cwp": "dev-master",
                "silverstripe-themes/module_bootstrap": "dev-ssexpress",
                "silverstripe/cms": ">=3.0",
                "silverstripe/framework": ">=3.0"
            },
            "type": "silverstripe-theme",
            "extra": {
                "branch-alias": {
                    "dev-master": "1.2.x-dev"
                }
            },
            "description": "CWP Default Theme",
            "time": "2013-09-11 01:34:20"
        },
        {
            "name": "cwp/cwp",
            "version": "dev-master",
            "source": {
                "type": "git",
                "url": "https://gitlab.cwp.govt.nz/cwp/cwp.git",
                "reference": "77c0d895f64020d432932de42a4c341ef20d2c57"
            },
            "require": {
                "cwp/cwp-core": "*",
                "silverstripe/taxonomy": "*"
            },
            "type": "silverstripe-module",
            "description": "CWP features module. We strongly recommend using it for all new sites. Future features will be delivered here.",
            "time": "2013-09-04 01:01:05"
        },
        {
            "name": "cwp/cwp-core",
            "version": "dev-master",
            "source": {
                "type": "git",
                "url": "https://gitlab.cwp.govt.nz/cwp/cwp-core.git",
                "reference": "e5216a43bb4e7177e73a8a3766e0de417f870f9c"
            },
            "require": {
                "composer/installers": "*",
                "silverstripe/cms": "~3.1",
                "silverstripe/framework": "~3.1"
            },
            "type": "silverstripe-module",
            "description": "CWP basic compatibility module. Use for migrations.",
            "time": "2013-10-22 02:55:47"
        },
        {
            "name": "silverstripe-themes/module_bootstrap",
            "version": "dev-ssexpress",
            "source": {
                "type": "git",
                "url": "https://github.com/silverstripe-ux/sass-twitter-bootstrap.git",
                "reference": "f388047d791b90f3729c5c0cfba4ede5749937d6"
            },
            "dist": {
                "type": "zip",
                "url": "https://api.github.com/repos/silverstripe-ux/sass-twitter-bootstrap/zipball/f388047d791b90f3729c5c0cfba4ede5749937d6",
                "reference": "f388047d791b90f3729c5c0cfba4ede5749937d6",
                "shasum": ""
            },
            "require": {
                "composer/installers": "*",
                "silverstripe/framework": ">=3.0"
            },
            "type": "silverstripe-theme",
            "extra": {
                "branch-alias": {
                    "dev-ssexpress": "0.1-dev"
                }
            },
            "notification-url": "https://packagist.org/downloads/",
            "description": "CSS toolkit by Twitter.",
            "time": "2013-05-23 03:54:45"
        },
        {
            "name": "silverstripe/advancedworkflow",
            "version": "dev-master",
            "source": {
                "type": "git",
                "url": "https://github.com/silverstripe-australia/advancedworkflow.git",
                "reference": "e040a567ffa46bf9447408cd4d40dff0761b7e66"
            },
            "dist": {
                "type": "zip",
                "url": "https://api.github.com/repos/silverstripe-australia/advancedworkflow/zipball/09ddfb34cce017e7ab8607af20620c1df8bed6c6",
                "reference": "e040a567ffa46bf9447408cd4d40dff0761b7e66",
                "shasum": ""
            },
            "require": {
                "silverstripe/cms": ">=3.0.0"
            },
            "type": "silverstripe-module",
            "notification-url": "https://packagist.org/downloads/",
            "license": [
                "BSD-3-Clause"
            ],
            "authors": [
                {
                    "name": "Marcus Nyeholt",
                    "email": "marcus@silverstirpe.com.au"
                },
                {
                    "name": "Andrew Short",
                    "email": "andrewjshort@gmail.com"
                }
            ],
            "description": "Adds configurable workflow support to the CMS, with a GUI for creating custom workflow definitions.",
            "keywords": [
                "advancedworkflow",
                "silverstripe",
                "workflow"
            ],
            "time": "2013-10-08 03:11:50"
        },
        {
            "name": "silverstripe/cms",
            "version": "3.1.1",
            "source": {
                "type": "git",
                "url": "https://github.com/silverstripe/silverstripe-cms.git",
                "reference": "aa44e710d0a9ba2f12d9cd76883842d5a9d9121e"
            },
            "dist": {
                "type": "zip",
                "url": "https://api.github.com/repos/silverstripe/silverstripe-cms/zipball/aa44e710d0a9ba2f12d9cd76883842d5a9d9121e",
                "reference": "aa44e710d0a9ba2f12d9cd76883842d5a9d9121e",
                "shasum": ""
            },
            "require": {
                "composer/installers": "*",
                "php": ">=5.3.2",
                "silverstripe/framework": "3.1.*"
            },
            "type": "silverstripe-module",
            "autoload": {
                "classmap": [
                    "tests/behat/"
                ]
            },
            "notification-url": "https://packagist.org/downloads/",
            "license": [
                "BSD-3-Clause"
            ],
            "authors": [
                {
                    "name": "SilverStripe",
                    "homepage": "http://silverstripe.com"
                },
                {
                    "name": "The SilverStripe Community",
                    "homepage": "http://silverstripe.org"
                }
            ],
            "description": "The SilverStripe Content Management System",
            "homepage": "http://silverstripe.org",
            "keywords": [
                "cms",
                "silverstripe"
            ],
            "time": "2013-10-07 12:28:12"
        },
        {
            "name": "silverstripe/documentconverter",
            "version": "dev-master",
            "source": {
                "type": "git",
                "url": "https://gitlab.cwp.govt.nz/silverstripe/documentconverter.git",
                "reference": "ba21253ccb0f0e49a443f94e3aa9b1c0c03311db"
            },
            "require": {
                "silverstripe/cms": "~3.1",
                "silverstripe/framework": "~3.1"
            },
            "type": "silverstripe-module",
            "description": "Imports OpenOffice-compatible files (doc, docx, etc) into SilverStripe pages and content.",
            "time": "2013-10-11 02:57:15"
        },
        {
            "name": "silverstripe/framework",
            "version": "3.1.1",
            "source": {
                "type": "git",
                "url": "https://github.com/silverstripe/silverstripe-framework.git",
                "reference": "d3b5b119425d66426477fb358d0f6b6fb3b355ee"
            },
            "dist": {
                "type": "zip",
                "url": "https://api.github.com/repos/silverstripe/silverstripe-framework/zipball/d3b5b119425d66426477fb358d0f6b6fb3b355ee",
                "reference": "d3b5b119425d66426477fb358d0f6b6fb3b355ee",
                "shasum": ""
            },
            "require": {
                "composer/installers": "*",
                "php": ">=5.3.2"
            },
            "type": "silverstripe-module",
            "autoload": {
                "classmap": [
                    "tests/behat/features/bootstrap"
                ]
            },
            "notification-url": "https://packagist.org/downloads/",
            "license": [
                "BSD-3-Clause"
            ],
            "authors": [
                {
                    "name": "SilverStripe",
                    "homepage": "http://silverstripe.com"
                },
                {
                    "name": "The SilverStripe Community",
                    "homepage": "http://silverstripe.org"
                }
            ],
            "description": "The SilverStripe framework",
            "homepage": "http://silverstripe.org",
            "keywords": [
                "framework",
                "silverstripe"
            ],
            "time": "2013-10-07 12:57:56"
        },
        {
            "name": "silverstripe/fulltextsearch",
            "version": "dev-master",
            "source": {
                "type": "git",
                "url": "https://github.com/silverstripe-labs/silverstripe-fulltextsearch.git",
                "reference": "7dd8d888cff298f2911a033b960fd137a19b0287"
            },
            "dist": {
                "type": "zip",
                "url": "https://api.github.com/repos/silverstripe-labs/silverstripe-fulltextsearch/zipball/15daed3edc3d8ab7f985c9af3dc6c1de2930126b",
                "reference": "7dd8d888cff298f2911a033b960fd137a19b0287",
                "shasum": ""
            },
            "require": {
                "silverstripe/framework": "~3.1"
            },
            "require-dev": {
                "hafriedlander/silverstripe-phockito": "*",
                "silverstripe/cms": "~3.1"
            },
            "type": "silverstripe-module",
            "notification-url": "https://packagist.org/downloads/",
            "authors": [
                {
                    "name": "Hamish Friedlander",
                    "email": "hamish@silverstripe.com",
                    "role": "Developer"
                }
            ],
            "description": "Adds support for Fulltext Search engines like Sphinx and Solr to SilverStripe CMS",
            "keywords": [
                "fulltext",
                "silverstripe",
                "solr",
                "sphinx"
            ],
            "time": "2013-09-17 03:33:42"
        },
        {
            "name": "silverstripe/html5",
            "version": "dev-master",
            "source": {
                "type": "git",
                "url": "https://github.com/silverstripe/silverstripe-html5.git",
                "reference": "54fc0b86efbfc571293c75862991923c78a7f1f8"
            },
            "dist": {
                "type": "zip",
                "url": "https://api.github.com/repos/silverstripe/silverstripe-html5/zipball/54fc0b86efbfc571293c75862991923c78a7f1f8",
                "reference": "54fc0b86efbfc571293c75862991923c78a7f1f8",
                "shasum": ""
            },
            "require": {
                "silverstripe/framework": "3.*"
            },
            "type": "silverstripe-module",
            "notification-url": "https://packagist.org/downloads/",
            "license": [
                "BSD-3-Clause"
            ],
            "description": "HTML5 support for SilverStripe",
            "keywords": [
                "HTML5",
                "silverstripe"
            ],
            "time": "2013-03-19 21:01:47"
        },
        {
            "name": "silverstripe/iframe",
            "version": "dev-master",
            "source": {
                "type": "git",
                "url": "https://github.com/silverstripe-labs/silverstripe-iframe.git",
                "reference": "70ba4c6c39412676338220415dbf31709bb4e8e7"
            },
            "dist": {
                "type": "zip",
                "url": "https://api.github.com/repos/silverstripe-labs/silverstripe-iframe/zipball/8df573c99a15f87058788f0eff135d727075bb30",
                "reference": "70ba4c6c39412676338220415dbf31709bb4e8e7",
                "shasum": ""
            },
            "require": {
                "silverstripe/cms": "3.*",
                "silverstripe/framework": "3.*"
            },
            "type": "silverstripe-module",
            "notification-url": "https://packagist.org/downloads/",
            "license": [
                "BSD-3-Clause"
            ],
            "authors": [
                {
                    "name": "Mateusz Uzdowski",
                    "email": "mateusz@silverstripe.com"
                }
            ],
            "description": "Add an iFrame pagetype to SilverStripe, to show content from another website",
            "keywords": [
                "silverstripe"
            ],
            "time": "2013-09-02 09:43:35"
        },
        {
            "name": "silverstripe/multivaluefield",
            "version": "dev-master",
            "source": {
                "type": "git",
                "url": "https://github.com/nyeholt/silverstripe-multivaluefield.git",
                "reference": "f3accee1b7040954b170aeb704de27cd062033c9"
            },
            "dist": {
                "type": "zip",
                "url": "https://api.github.com/repos/nyeholt/silverstripe-multivaluefield/zipball/367fa4c367916523c65b1b8e6933bdac545f66e4",
                "reference": "f3accee1b7040954b170aeb704de27cd062033c9",
                "shasum": ""
            },
            "require": {
                "silverstripe/framework": ">=3.0.0"
            },
            "type": "silverstripe-module",
            "notification-url": "https://packagist.org/downloads/",
            "license": [
                "BSD-3-Clause"
            ],
            "authors": [
                {
                    "name": "Marcus Nyeholt",
                    "email": "marcus@silverstripe.com.au"
                }
            ],
            "description": "A DB field + form fields for storing multiple values in a single property (serialized).",
            "keywords": [
                "dbfield",
                "formfield",
                "silverstripe"
            ],
            "time": "2013-09-23 01:35:52"
        },
        {
            "name": "silverstripe/queuedjobs",
            "version": "dev-master",
            "source": {
                "type": "git",
                "url": "https://github.com/nyeholt/silverstripe-queuedjobs.git",
                "reference": "c12b200d6c6d42aa4316e1826a53ba5a2fdf5416"
            },
            "dist": {
                "type": "zip",
                "url": "https://api.github.com/repos/nyeholt/silverstripe-queuedjobs/zipball/c12b200d6c6d42aa4316e1826a53ba5a2fdf5416",
                "reference": "c12b200d6c6d42aa4316e1826a53ba5a2fdf5416",
                "shasum": ""
            },
            "require": {
                "silverstripe/cms": "~3.0",
                "silverstripe/framework": "~3.0",
                "silverstripe/multivaluefield": "dev-master"
            },
            "type": "silverstripe-module",
            "notification-url": "https://packagist.org/downloads/",
            "license": [
                "BSD-3-Clause"
            ],
            "authors": [
                {
                    "name": "Marcus Nyeholt",
                    "email": "marcus@silverstirpe.com.au"
                }
            ],
            "description": "A framework for defining and running background jobs in a queued manner",
            "keywords": [
                "jobs",
                "silverstripe"
            ],
            "time": "2013-09-16 07:03:57"
        },
        {
            "name": "silverstripe/registry",
            "version": "dev-master",
            "source": {
                "type": "git",
                "url": "https://github.com/silverstripe-labs/silverstripe-registry.git",
                "reference": "60d2b9eb6e4e492044741f40ff047b27dfaaf63c"
            },
            "dist": {
                "type": "zip",
                "url": "https://api.github.com/repos/silverstripe-labs/silverstripe-registry/zipball/9e4adc3fc169d86d46b2a8bbcd9b82ff62c53439",
                "reference": "60d2b9eb6e4e492044741f40ff047b27dfaaf63c",
                "shasum": ""
            },
            "require": {
                "silverstripe/cms": "3.*",
                "silverstripe/framework": "3.*"
            },
            "type": "silverstripe-module",
            "notification-url": "https://packagist.org/downloads/",
            "license": [
                "BSD-3-Clause"
            ],
            "authors": [
                {
                    "name": "Sean Harvey",
                    "email": "sean@silverstripe.com",
                    "homepage": "http://www.silverstripe.com",
                    "role": "Developer"
                }
            ],
            "description": "Provide search and export interfaces for datasets.",
            "keywords": [
                "silverstripe"
            ],
            "time": "2013-10-21 23:08:22"
        },
        {
            "name": "silverstripe/restfulserver",
            "version": "dev-master",
            "source": {
                "type": "git",
                "url": "https://github.com/silverstripe/silverstripe-restfulserver.git",
                "reference": "db4a70673b593c643323ed0411afb90eafa71bc6"
            },
            "dist": {
                "type": "zip",
                "url": "https://api.github.com/repos/silverstripe/silverstripe-restfulserver/zipball/db4a70673b593c643323ed0411afb90eafa71bc6",
                "reference": "db4a70673b593c643323ed0411afb90eafa71bc6",
                "shasum": ""
            },
            "require": {
                "silverstripe/framework": "3.*"
            },
            "type": "silverstripe-module",
            "notification-url": "https://packagist.org/downloads/",
            "authors": [
                {
                    "name": "Hamish Friedlander",
                    "email": "hamish@silverstripe.com",
                    "role": "Developer"
                },
                {
                    "name": "Sam Minnee",
                    "email": "sam@silverstripe.com"
                }
            ],
            "description": "Add a RESTful API to your SilverStripe application",
            "keywords": [
                "api",
                "rest",
                "silverstripe"
            ],
            "time": "2013-07-14 08:12:35"
        },
        {
            "name": "silverstripe/subsites",
            "version": "dev-master",
            "source": {
                "type": "git",
                "url": "https://github.com/silverstripe/silverstripe-subsites.git",
                "reference": "c0e6d1ad3835b56f5006e85ae02d16699fb9a0d5"
            },
            "dist": {
                "type": "zip",
                "url": "https://api.github.com/repos/silverstripe/silverstripe-subsites/zipball/c0e6d1ad3835b56f5006e85ae02d16699fb9a0d5",
                "reference": "c0e6d1ad3835b56f5006e85ae02d16699fb9a0d5",
                "shasum": ""
            },
            "require": {
                "silverstripe/cms": "~3.1",
                "silverstripe/framework": "~3.1"
            },
            "type": "silverstripe-module",
            "notification-url": "https://packagist.org/downloads/",
            "authors": [
                {
                    "name": "Sam Minnee",
                    "email": "sam@silverstripe.com"
                }
            ],
            "description": "Run multiple sites from a single SilverStripe install.",
            "keywords": [
                "multisite",
                "silverstripe",
                "subsites"
            ],
            "time": "2013-10-22 23:50:55"
        },
        {
            "name": "silverstripe/taxonomy",
            "version": "dev-master",
            "source": {
                "type": "git",
                "url": "https://github.com/silverstripe-labs/silverstripe-taxonomy.git",
                "reference": "8758791f73756be729533ab32997acc1ca072dae"
            },
            "dist": {
                "type": "zip",
                "url": "https://api.github.com/repos/silverstripe-labs/silverstripe-taxonomy/zipball/8758791f73756be729533ab32997acc1ca072dae",
                "reference": "8758791f73756be729533ab32997acc1ca072dae",
                "shasum": ""
            },
            "require": {
                "silverstripe/cms": "~3.1",
                "silverstripe/framework": "~3.1"
            },
            "type": "silverstripe-module",
            "notification-url": "https://packagist.org/downloads/",
            "license": [
                "BSD-3-Clause"
            ],
            "authors": [
                {
                    "name": "Robert Curry",
                    "email": "robert@silverstripe.com"
                }
            ],
            "description": "Provide extra taxonomy for cataloguing the data.",
            "keywords": [
                "silverstripe"
            ],
            "time": "2013-08-13 00:09:41"
        },
        {
            "name": "silverstripe/translatable",
            "version": "dev-master",
            "source": {
                "type": "git",
                "url": "https://github.com/silverstripe/silverstripe-translatable.git",
                "reference": "522dff2487c009b63ebf49d40b90224a7ca23671"
            },
            "dist": {
                "type": "zip",
                "url": "https://api.github.com/repos/silverstripe/silverstripe-translatable/zipball/03311b4d00348e946be854e9b2b71690b5fabea5",
                "reference": "522dff2487c009b63ebf49d40b90224a7ca23671",
                "shasum": ""
            },
            "require": {
                "php": ">=5.3.2",
                "silverstripe/cms": "~3.1",
                "silverstripe/framework": "~3.1"
            },
            "require-dev": {
                "silverstripe/mssql": "*",
                "silverstripe/postgresql": "*",
                "silverstripe/sqlite3": "*"
            },
            "type": "silverstripe-module",
            "extra": {
                "screenshots": [
                    "http://www.silverstripe.org/assets/Uploads/translatable4-small.png"
                ]
            },
            "notification-url": "https://packagist.org/downloads/",
            "license": [
                "BSD-3-Clause"
            ],
            "authors": [
                {
                    "name": "Ingo Schommer",
                    "email": "ingo@silverstripe.com",
                    "homepage": "http://chillu.com",
                    "role": "tech-lead"
                }
            ],
            "description": "Allows translation of DataObject and SiteTree records into multiple languages ",
            "homepage": "https://github.com/silverstripe/silverstripe-translatable/",
            "keywords": [
                "cms",
                "globalization",
                "i18n",
                "localization",
                "silverstripe"
            ],
            "time": "2013-10-16 19:17:32"
        },
        {
            "name": "silverstripe/userforms",
            "version": "dev-master",
            "source": {
                "type": "git",
                "url": "https://github.com/silverstripe/silverstripe-userforms.git",
                "reference": "d3e4b8a5e8aea388745214ebaa5c61588edf65ed"
            },
            "dist": {
                "type": "zip",
                "url": "https://api.github.com/repos/silverstripe/silverstripe-userforms/zipball/f66c3c340a56eaa2de22b453b30408b89c3de165",
                "reference": "d3e4b8a5e8aea388745214ebaa5c61588edf65ed",
                "shasum": ""
            },
            "require": {
                "silverstripe/cms": "~3.1",
                "silverstripe/framework": "~3.1"
            },
            "type": "silverstripe-module",
            "notification-url": "https://packagist.org/downloads/",
            "license": [
                "BSD-3-Clause"
            ],
            "authors": [
                {
                    "name": "Will Rossiter",
                    "email": "will@fullscreen.io",
                    "homepage": "http://wilr.github.com"
                }
            ],
            "description": "UserForms enables CMS users to create dynamic forms via a drag and drop interface and without getting involved in any PHP code",
            "keywords": [
                "silverstripe",
                "userforms"
            ],
            "time": "2013-09-07 03:07:22"
        },
        {
            "name": "silverstripe/versionedfiles",
            "version": "dev-master",
            "source": {
                "type": "git",
                "url": "https://gitlab.cwp.govt.nz/silverstripe/silverstripe-versionedfiles.git",
                "reference": "dccd557494c479a20d179941cbaecb22ab9abe0a"
            },
            "require": {
                "silverstripe/framework": "~3.1"
            },
            "type": "silverstripe-module",
            "license": [
                "BSD-3-Clause"
            ],
            "authors": [
                {
                    "name": "Andrew Short",
                    "email": "andrewjshort@gmail.com"
                }
            ],
            "description": "Add versioning to files",
            "keywords": [
                "silverstripe"
            ],
            "time": "2013-05-30 23:54:42"
        },
        {
            "name": "silverstripe/versionfeed",
            "version": "1.0.0",
            "source": {
                "type": "git",
                "url": "https://github.com/silverstripe-labs/silverstripe-versionfeed.git",
                "reference": "d1dcd2bf3cb189fbb8eaa0924a50a42fe5a04e18"
            },
            "dist": {
                "type": "zip",
                "url": "https://api.github.com/repos/silverstripe-labs/silverstripe-versionfeed/zipball/d1dcd2bf3cb189fbb8eaa0924a50a42fe5a04e18",
                "reference": "d1dcd2bf3cb189fbb8eaa0924a50a42fe5a04e18",
                "shasum": ""
            },
            "require": {
                "silverstripe/cms": "3.*",
                "silverstripe/framework": "3.*"
            },
            "type": "silverstripe-module",
            "notification-url": "https://packagist.org/downloads/",
            "license": [
                "BSD-3-Clause"
            ],
            "authors": [
                {
                    "name": "Robert Curry",
                    "email": "robert@silverstripe.com"
                }
            ],
            "description": "Adds RSS feeds of content changes to SilverStripe",
            "keywords": [
                "feed",
                "rss",
                "silverstripe"
            ],
            "time": "2013-09-02 09:43:18"
        },
        {
            "name": "undefinedoffset/sortablegridfield",
            "version": "dev-master",
            "source": {
                "type": "git",
                "url": "https://github.com/UndefinedOffset/SortableGridField.git",
                "reference": "479325a5bc29501b4287fb13c1516a3c88c38879"
            },
            "dist": {
                "type": "zip",
                "url": "https://api.github.com/repos/UndefinedOffset/SortableGridField/zipball/e3895cc5efeb1ab76bfefb48fb3e8803ba8b38e6",
                "reference": "479325a5bc29501b4287fb13c1516a3c88c38879",
                "shasum": ""
            },
            "require": {
                "composer/installers": "*",
                "silverstripe/framework": "3.*"
            },
            "type": "silverstripe-module",
            "extra": {
                "installer-name": "sortablegridfield"
            },
            "notification-url": "https://packagist.org/downloads/",
            "license": [
                "BSD-3-Clause"
            ],
            "authors": [
                {
                    "name": "Ed Chipman",
                    "homepage": "http://www.edchipman.ca",
                    "role": "Developer"
                }
            ],
            "description": "Adds drag and drop functionality to SilverStripe 3.0's GridField",
            "keywords": [
                "gridfield",
                "silverstripe"
            ],
            "time": "2013-09-03 15:10:16"
        }
    ],
    "packages-dev": [
        {
            "name": "phpunit/php-code-coverage",
            "version": "1.2.x-dev",
            "source": {
                "type": "git",
                "url": "https://github.com/sebastianbergmann/php-code-coverage.git",
                "reference": "466e7cd2554b4e264c9e3f31216d25ac0e5f3d94"
            },
            "dist": {
                "type": "zip",
                "url": "https://api.github.com/repos/sebastianbergmann/php-code-coverage/zipball/466e7cd2554b4e264c9e3f31216d25ac0e5f3d94",
                "reference": "466e7cd2554b4e264c9e3f31216d25ac0e5f3d94",
                "shasum": ""
            },
            "require": {
                "php": ">=5.3.3",
                "phpunit/php-file-iterator": ">=1.3.0@stable",
                "phpunit/php-text-template": ">=1.1.1@stable",
                "phpunit/php-token-stream": ">=1.1.3@stable"
            },
            "require-dev": {
                "phpunit/phpunit": "3.7.*@dev"
            },
            "suggest": {
                "ext-dom": "*",
                "ext-xdebug": ">=2.0.5"
            },
            "type": "library",
            "extra": {
                "branch-alias": {
                    "dev-master": "1.2.x-dev"
                }
            },
            "autoload": {
                "classmap": [
                    "PHP/"
                ]
            },
            "notification-url": "https://packagist.org/downloads/",
            "include-path": [
                ""
            ],
            "license": [
                "BSD-3-Clause"
            ],
            "authors": [
                {
                    "name": "Sebastian Bergmann",
                    "email": "sb@sebastian-bergmann.de",
                    "role": "lead"
                }
            ],
            "description": "Library that provides collection, processing, and rendering functionality for PHP code coverage information.",
            "homepage": "https://github.com/sebastianbergmann/php-code-coverage",
            "keywords": [
                "coverage",
                "testing",
                "xunit"
            ],
            "time": "2013-09-10 08:14:32"
        },
        {
            "name": "phpunit/php-file-iterator",
            "version": "dev-master",
            "source": {
                "type": "git",
                "url": "https://github.com/sebastianbergmann/php-file-iterator.git",
                "reference": "acd690379117b042d1c8af1fafd61bde001bf6bb"
            },
            "dist": {
                "type": "zip",
                "url": "https://api.github.com/repos/sebastianbergmann/php-file-iterator/zipball/acd690379117b042d1c8af1fafd61bde001bf6bb",
                "reference": "acd690379117b042d1c8af1fafd61bde001bf6bb",
                "shasum": ""
            },
            "require": {
                "php": ">=5.3.3"
            },
            "type": "library",
            "autoload": {
                "classmap": [
                    "File/"
                ]
            },
            "notification-url": "https://packagist.org/downloads/",
            "include-path": [
                ""
            ],
            "license": [
                "BSD-3-Clause"
            ],
            "authors": [
                {
                    "name": "Sebastian Bergmann",
                    "email": "sb@sebastian-bergmann.de",
                    "role": "lead"
                }
            ],
            "description": "FilterIterator implementation that filters files based on a list of suffixes.",
            "homepage": "https://github.com/sebastianbergmann/php-file-iterator/",
            "keywords": [
                "filesystem",
                "iterator"
            ],
            "time": "2013-10-10 15:34:57"
        },
        {
            "name": "phpunit/php-text-template",
            "version": "dev-master",
            "source": {
                "type": "git",
                "url": "https://github.com/sebastianbergmann/php-text-template.git",
                "reference": "1eeef106193d2f8c539728e566bb4793071a9e18"
            },
            "dist": {
                "type": "zip",
                "url": "https://api.github.com/repos/sebastianbergmann/php-text-template/zipball/1eeef106193d2f8c539728e566bb4793071a9e18",
                "reference": "1eeef106193d2f8c539728e566bb4793071a9e18",
                "shasum": ""
            },
            "require": {
                "php": ">=5.3.3"
            },
            "type": "library",
            "autoload": {
                "classmap": [
                    "Text/"
                ]
            },
            "notification-url": "https://packagist.org/downloads/",
            "include-path": [
                ""
            ],
            "license": [
                "BSD-3-Clause"
            ],
            "authors": [
                {
                    "name": "Sebastian Bergmann",
                    "email": "sb@sebastian-bergmann.de",
                    "role": "lead"
                }
            ],
            "description": "Simple template engine.",
            "homepage": "https://github.com/sebastianbergmann/php-text-template/",
            "keywords": [
                "template"
            ],
            "time": "2013-01-07 10:56:17"
        },
        {
            "name": "phpunit/php-timer",
            "version": "dev-master",
            "source": {
                "type": "git",
                "url": "https://github.com/sebastianbergmann/php-timer.git",
                "reference": "19689d4354b295ee3d8c54b4f42c3efb69cbc17c"
            },
            "dist": {
                "type": "zip",
                "url": "https://api.github.com/repos/sebastianbergmann/php-timer/zipball/19689d4354b295ee3d8c54b4f42c3efb69cbc17c",
                "reference": "19689d4354b295ee3d8c54b4f42c3efb69cbc17c",
                "shasum": ""
            },
            "require": {
                "php": ">=5.3.3"
            },
            "type": "library",
            "autoload": {
                "classmap": [
                    "PHP/"
                ]
            },
            "notification-url": "https://packagist.org/downloads/",
            "include-path": [
                ""
            ],
            "license": [
                "BSD-3-Clause"
            ],
            "authors": [
                {
                    "name": "Sebastian Bergmann",
                    "email": "sb@sebastian-bergmann.de",
                    "role": "lead"
                }
            ],
            "description": "Utility class for timing",
            "homepage": "https://github.com/sebastianbergmann/php-timer/",
            "keywords": [
                "timer"
            ],
            "time": "2013-08-02 07:42:54"
        },
        {
            "name": "phpunit/php-token-stream",
            "version": "dev-master",
            "source": {
                "type": "git",
                "url": "https://github.com/sebastianbergmann/php-token-stream.git",
                "reference": "292f4d5772dad5a12775be69f4a8dd663b20f103"
            },
            "dist": {
                "type": "zip",
                "url": "https://api.github.com/repos/sebastianbergmann/php-token-stream/zipball/292f4d5772dad5a12775be69f4a8dd663b20f103",
                "reference": "292f4d5772dad5a12775be69f4a8dd663b20f103",
                "shasum": ""
            },
            "require": {
                "ext-tokenizer": "*",
                "php": ">=5.3.3"
            },
            "type": "library",
            "extra": {
                "branch-alias": {
                    "dev-master": "1.2-dev"
                }
            },
            "autoload": {
                "classmap": [
                    "PHP/"
                ]
            },
            "notification-url": "https://packagist.org/downloads/",
            "include-path": [
                ""
            ],
            "license": [
                "BSD-3-Clause"
            ],
            "authors": [
                {
                    "name": "Sebastian Bergmann",
                    "email": "sb@sebastian-bergmann.de",
                    "role": "lead"
                }
            ],
            "description": "Wrapper around PHP's tokenizer extension.",
            "homepage": "https://github.com/sebastianbergmann/php-token-stream/",
            "keywords": [
                "tokenizer"
            ],
            "time": "2013-10-21 14:03:39"
        },
        {
            "name": "phpunit/phpunit",
            "version": "3.7.28",
            "source": {
                "type": "git",
                "url": "https://github.com/sebastianbergmann/phpunit.git",
                "reference": "3b97c8492bcafbabe6b6fbd2ab35f2f04d932a8d"
            },
            "dist": {
                "type": "zip",
                "url": "https://api.github.com/repos/sebastianbergmann/phpunit/zipball/3b97c8492bcafbabe6b6fbd2ab35f2f04d932a8d",
                "reference": "3b97c8492bcafbabe6b6fbd2ab35f2f04d932a8d",
                "shasum": ""
            },
            "require": {
                "ext-dom": "*",
                "ext-pcre": "*",
                "ext-reflection": "*",
                "ext-spl": "*",
                "php": ">=5.3.3",
                "phpunit/php-code-coverage": "~1.2.1",
                "phpunit/php-file-iterator": ">=1.3.1",
                "phpunit/php-text-template": ">=1.1.1",
                "phpunit/php-timer": ">=1.0.4",
                "phpunit/phpunit-mock-objects": "~1.2.0",
                "symfony/yaml": "~2.0"
            },
            "require-dev": {
                "pear-pear/pear": "1.9.4"
            },
            "suggest": {
                "ext-json": "*",
                "ext-simplexml": "*",
                "ext-tokenizer": "*",
                "phpunit/php-invoker": ">=1.1.0,<1.2.0"
            },
            "bin": [
                "composer/bin/phpunit"
            ],
            "type": "library",
            "extra": {
                "branch-alias": {
                    "dev-master": "3.7.x-dev"
                }
            },
            "autoload": {
                "classmap": [
                    "PHPUnit/"
                ]
            },
            "notification-url": "https://packagist.org/downloads/",
            "include-path": [
                "",
                "../../symfony/yaml/"
            ],
            "license": [
                "BSD-3-Clause"
            ],
            "authors": [
                {
                    "name": "Sebastian Bergmann",
                    "email": "sebastian@phpunit.de",
                    "role": "lead"
                }
            ],
            "description": "The PHP Unit Testing framework.",
            "homepage": "http://www.phpunit.de/",
            "keywords": [
                "phpunit",
                "testing",
                "xunit"
            ],
            "time": "2013-10-17 07:27:40"
        },
        {
            "name": "phpunit/phpunit-mock-objects",
            "version": "1.2.x-dev",
            "source": {
                "type": "git",
                "url": "https://github.com/sebastianbergmann/phpunit-mock-objects.git",
                "reference": "3e40f3b3f18c044a24688fe406440d7fd537744a"
            },
            "dist": {
                "type": "zip",
                "url": "https://api.github.com/repos/sebastianbergmann/phpunit-mock-objects/zipball/3e40f3b3f18c044a24688fe406440d7fd537744a",
                "reference": "3e40f3b3f18c044a24688fe406440d7fd537744a",
                "shasum": ""
            },
            "require": {
                "php": ">=5.3.3",
                "phpunit/php-text-template": ">=1.1.1@stable"
            },
            "require-dev": {
                "pear-pear/pear": "1.9.4",
                "phpunit/phpunit": "3.7.*@dev"
            },
            "suggest": {
                "ext-soap": "*"
            },
            "type": "library",
            "extra": {
                "branch-alias": {
                    "dev-master": "1.2.x-dev"
                }
            },
            "autoload": {
                "classmap": [
                    "PHPUnit/"
                ]
            },
            "notification-url": "https://packagist.org/downloads/",
            "include-path": [
                ""
            ],
            "license": [
                "BSD-3-Clause"
            ],
            "authors": [
                {
                    "name": "Sebastian Bergmann",
                    "email": "sb@sebastian-bergmann.de",
                    "role": "lead"
                }
            ],
            "description": "Mock Object library for PHPUnit",
            "homepage": "https://github.com/sebastianbergmann/phpunit-mock-objects/",
            "keywords": [
                "mock",
                "xunit"
            ],
            "time": "2013-07-23 04:42:59"
        },
        {
            "name": "symfony/yaml",
            "version": "dev-master",
            "target-dir": "Symfony/Component/Yaml",
            "source": {
                "type": "git",
                "url": "https://github.com/symfony/Yaml.git",
                "reference": "1f7cabb841e62ec49615bd965ac780fd994b3f64"
            },
            "dist": {
                "type": "zip",
                "url": "https://api.github.com/repos/symfony/Yaml/zipball/1f7cabb841e62ec49615bd965ac780fd994b3f64",
                "reference": "1f7cabb841e62ec49615bd965ac780fd994b3f64",
                "shasum": ""
            },
            "require": {
                "php": ">=5.3.3"
            },
            "type": "library",
            "extra": {
                "branch-alias": {
                    "dev-master": "2.4-dev"
                }
            },
            "autoload": {
                "psr-0": {
                    "Symfony\\Component\\Yaml\\": ""
                }
            },
            "notification-url": "https://packagist.org/downloads/",
            "license": [
                "MIT"
            ],
            "authors": [
                {
                    "name": "Fabien Potencier",
                    "email": "fabien@symfony.com"
                },
                {
                    "name": "Symfony Community",
                    "homepage": "http://symfony.com/contributors"
                }
            ],
            "description": "Symfony Yaml Component",
            "homepage": "http://symfony.com",
            "time": "2013-10-17 11:48:11"
        }
    ],
    "aliases": [

    ],
    "minimum-stability": "dev",
    "stability-flags": {
        "cwp/cwp": 20,
        "cwp/cwp-core": 20,
        "cwp-themes/default": 20,
        "silverstripe/advancedworkflow": 20,
        "silverstripe/documentconverter": 20,
        "silverstripe/fulltextsearch": 20,
        "silverstripe/html5": 20,
        "silverstripe/iframe": 20,
        "silverstripe/queuedjobs": 20,
        "silverstripe/multivaluefield": 20,
        "silverstripe/registry": 20,
        "silverstripe/restfulserver": 20,
        "silverstripe/subsites": 20,
        "silverstripe/translatable": 20,
        "silverstripe/taxonomy": 20,
        "silverstripe/userforms": 20,
        "silverstripe/versionedfiles": 20,
        "undefinedoffset/sortablegridfield": 20,
        "phpunit/phpunit": 0
    },
    "platform": {
        "php": ">=5.3.2"
    },
    "platform-dev": [

    ]
}
